github.com/jroimartin/gocui v0.4.0 h1:52jnalstgmc25FmtGcWqa0tcbMEWS6RpFLsOIO+I+E8=
github.com/jroimartin/gocui v0.4.0/go.mod h1:7i7bbj99OgFHzo7kB2zPb8pXLqMBSQegY7azfqXMkyY=
github.com/mattn/go-runewidth v0.0.9 h1:Lm995f3rfxdpd6TSmuVCHVb/QhupuXlYr8sCI/QdE+0=
github.com/mattn/go-runewidth v0.0.9/go.mod h1:H031xJmbD/WCDINGzjvQ9THkh0rPKHF+m2gUSrubnMI=
github.com/nsf/termbox-go v1.1.1 h1:nksUPLCb73Q++DwbYUBEglYBRPZyoXJdrj5L+TkjyZY=
github.com/nsf/termbox-go v1.1.1/go.mod h1:T0cTdVuOwf7pHQNtfhnEbzHbcNyCEcVU4YPpouCbVxo=
github.com/robotn/gohook v0.30.6 h1:hH2KzyRsThtOqQ4M2ZPiOaib4vx70pz1DqgrBm26vPk=
github.com/robotn/gohook v0.30.6/go.mod h1:FXryR68cDIho8rjE7MKxt4n4aK2FBqp+d/0HK4oiGP8=
github.com/vcaesar/tt v0.11.0 h1:obQecjgbnAxxC6OYGY6yDvhGRW2PR5wD8Ma2uJH3WGA=
github.com/vcaesar/tt v0.11.0/go.mod h1:GHPxQYhn+7OgKakRusH7KJ0M5MhywoeLb8Fcffs/Gtg=
